// !$*UTF8*$!
{
	archiveVersion = 1;
	classes = {
	};
	objectVersion = 48;
	objects = {

/* Begin PBXBuildFile section */
		37A4E8D6219CF7D400928718 /* GoogleService-Info.plist in Resources */ = {isa = PBXBuildFile; fileRef = 37A4E8D5219CF7D400928718 /* GoogleService-Info.plist */; };
		37D43C612193DD3E0025E96A /* AppDelegate.swift in Sources */ = {isa = PBXBuildFile; fileRef = 37D43C602193DD3E0025E96A /* AppDelegate.swift */; };
		37D43C662193DD3E0025E96A /* Main.storyboard in Resources */ = {isa = PBXBuildFile; fileRef = 37D43C642193DD3E0025E96A /* Main.storyboard */; };
		37D43C682193DD3E0025E96A /* Assets.xcassets in Resources */ = {isa = PBXBuildFile; fileRef = 37D43C672193DD3E0025E96A /* Assets.xcassets */; };
		37D43C6B2193DD3E0025E96A /* LaunchScreen.storyboard in Resources */ = {isa = PBXBuildFile; fileRef = 37D43C692193DD3E0025E96A /* LaunchScreen.storyboard */; };
		37D43C742193E1B30025E96A /* LogInViewController.swift in Sources */ = {isa = PBXBuildFile; fileRef = 37D43C732193E1B30025E96A /* LogInViewController.swift */; };
		37D43C762193E1BC0025E96A /* SignUpViewController.swift in Sources */ = {isa = PBXBuildFile; fileRef = 37D43C752193E1BC0025E96A /* SignUpViewController.swift */; };
		37D43C782193E1C50025E96A /* MainpageViewController.swift in Sources */ = {isa = PBXBuildFile; fileRef = 37D43C772193E1C50025E96A /* MainpageViewController.swift */; };
		37EC5CE2219D138B0052972A /* RateController.swift in Sources */ = {isa = PBXBuildFile; fileRef = 37EC5CE1219D138B0052972A /* RateController.swift */; };
		37FC62C221AF489000D934F9 /* CategoryLayout.swift in Sources */ = {isa = PBXBuildFile; fileRef = 37FC62C121AF489000D934F9 /* CategoryLayout.swift */; };
		37FC62C421AF626C00D934F9 /* DatabaseHelper.swift in Sources */ = {isa = PBXBuildFile; fileRef = 37FC62C321AF626C00D934F9 /* DatabaseHelper.swift */; };
		52A756F45FAF9E2AE26BD88E /* Pods_Grocery_Rater.framework in Frameworks */ = {isa = PBXBuildFile; fileRef = DA78FEF19296C5CCB9C29F7A /* Pods_Grocery_Rater.framework */; };
		6D71FAE4219D11DA0018985A /* CategoryCell.swift in Sources */ = {isa = PBXBuildFile; fileRef = 6D71FAE3219D11DA0018985A /* CategoryCell.swift */; };
		6D71FAE6219D1C9B0018985A /* FindViewController.swift in Sources */ = {isa = PBXBuildFile; fileRef = 6D71FAE5219D1C9B0018985A /* FindViewController.swift */; };
/* End PBXBuildFile section */

/* Begin PBXFileReference section */
		37A4E8D5219CF7D400928718 /* GoogleService-Info.plist */ = {isa = PBXFileReference; fileEncoding = 4; lastKnownFileType = text.plist.xml; path = "GoogleService-Info.plist"; sourceTree = "<group>"; };
		37D43C5D2193DD3E0025E96A /* Grocery Rater.app */ = {isa = PBXFileReference; explicitFileType = wrapper.application; includeInIndex = 0; path = "Grocery Rater.app"; sourceTree = BUILT_PRODUCTS_DIR; };
		37D43C602193DD3E0025E96A /* AppDelegate.swift */ = {isa = PBXFileReference; lastKnownFileType = sourcecode.swift; path = AppDelegate.swift; sourceTree = "<group>"; };
		37D43C652193DD3E0025E96A /* Base */ = {isa = PBXFileReference; lastKnownFileType = file.storyboard; name = Base; path = Base.lproj/Main.storyboard; sourceTree = "<group>"; };
		37D43C672193DD3E0025E96A /* Assets.xcassets */ = {isa = PBXFileReference; lastKnownFileType = folder.assetcatalog; path = Assets.xcassets; sourceTree = "<group>"; };
		37D43C6A2193DD3E0025E96A /* Base */ = {isa = PBXFileReference; lastKnownFileType = file.storyboard; name = Base; path = Base.lproj/LaunchScreen.storyboard; sourceTree = "<group>"; };
		37D43C6C2193DD3E0025E96A /* Info.plist */ = {isa = PBXFileReference; lastKnownFileType = text.plist.xml; path = Info.plist; sourceTree = "<group>"; };
		37D43C732193E1B30025E96A /* LogInViewController.swift */ = {isa = PBXFileReference; lastKnownFileType = sourcecode.swift; path = LogInViewController.swift; sourceTree = "<group>"; };
		37D43C752193E1BC0025E96A /* SignUpViewController.swift */ = {isa = PBXFileReference; lastKnownFileType = sourcecode.swift; path = SignUpViewController.swift; sourceTree = "<group>"; };
		37D43C772193E1C50025E96A /* MainpageViewController.swift */ = {isa = PBXFileReference; lastKnownFileType = sourcecode.swift; path = MainpageViewController.swift; sourceTree = "<group>"; };
		37EC5CE1219D138B0052972A /* RateController.swift */ = {isa = PBXFileReference; lastKnownFileType = sourcecode.swift; path = RateController.swift; sourceTree = "<group>"; };
		37FC62C121AF489000D934F9 /* CategoryLayout.swift */ = {isa = PBXFileReference; lastKnownFileType = sourcecode.swift; path = CategoryLayout.swift; sourceTree = "<group>"; };
		37FC62C321AF626C00D934F9 /* DatabaseHelper.swift */ = {isa = PBXFileReference; lastKnownFileType = sourcecode.swift; path = DatabaseHelper.swift; sourceTree = "<group>"; };
		6D71FAE3219D11DA0018985A /* CategoryCell.swift */ = {isa = PBXFileReference; lastKnownFileType = sourcecode.swift; path = CategoryCell.swift; sourceTree = "<group>"; };
		6D71FAE5219D1C9B0018985A /* FindViewController.swift */ = {isa = PBXFileReference; lastKnownFileType = sourcecode.swift; path = FindViewController.swift; sourceTree = "<group>"; };
		C83E175E925DF086BF9BC861 /* Pods-Grocery Rater.debug.xcconfig */ = {isa = PBXFileReference; includeInIndex = 1; lastKnownFileType = text.xcconfig; name = "Pods-Grocery Rater.debug.xcconfig"; path = "Pods/Target Support Files/Pods-Grocery Rater/Pods-Grocery Rater.debug.xcconfig"; sourceTree = "<group>"; };
		C8C7EFF377BFFBD168E19950 /* Pods-Grocery Rater.release.xcconfig */ = {isa = PBXFileReference; includeInIndex = 1; lastKnownFileType = text.xcconfig; name = "Pods-Grocery Rater.release.xcconfig"; path = "Pods/Target Support Files/Pods-Grocery Rater/Pods-Grocery Rater.release.xcconfig"; sourceTree = "<group>"; };
		DA78FEF19296C5CCB9C29F7A /* Pods_Grocery_Rater.framework */ = {isa = PBXFileReference; explicitFileType = wrapper.framework; includeInIndex = 0; path = Pods_Grocery_Rater.framework; sourceTree = BUILT_PRODUCTS_DIR; };
/* End PBXFileReference section */

/* Begin PBXFrameworksBuildPhase section */
		37D43C5A2193DD3E0025E96A /* Frameworks */ = {
			isa = PBXFrameworksBuildPhase;
			buildActionMask = 2147483647;
			files = (
				52A756F45FAF9E2AE26BD88E /* Pods_Grocery_Rater.framework in Frameworks */,
			);
			runOnlyForDeploymentPostprocessing = 0;
		};
/* End PBXFrameworksBuildPhase section */

/* Begin PBXGroup section */
		0BCDFCB3A5D4542F2FBBA71C /* Pods */ = {
			isa = PBXGroup;
			children = (
				C83E175E925DF086BF9BC861 /* Pods-Grocery Rater.debug.xcconfig */,
				C8C7EFF377BFFBD168E19950 /* Pods-Grocery Rater.release.xcconfig */,
			);
			name = Pods;
			sourceTree = "<group>";
		};
		37D43C542193DD3E0025E96A = {
			isa = PBXGroup;
			children = (
				37D43C5F2193DD3E0025E96A /* Grocery Rater */,
				37D43C5E2193DD3E0025E96A /* Products */,
				0BCDFCB3A5D4542F2FBBA71C /* Pods */,
				92EED8B91C147868852EB3EA /* Frameworks */,
			);
			sourceTree = "<group>";
		};
		37D43C5E2193DD3E0025E96A /* Products */ = {
			isa = PBXGroup;
			children = (
				37D43C5D2193DD3E0025E96A /* Grocery Rater.app */,
			);
			name = Products;
			sourceTree = "<group>";
		};
		37D43C5F2193DD3E0025E96A /* Grocery Rater */ = {
			isa = PBXGroup;
			children = (
				37FC62C021AF486E00D934F9 /* Layouts */,
				6D71FAE2219D11B00018985A /* Prototypes */,
				37D43C722193E19C0025E96A /* Controllers */,
				37D43C602193DD3E0025E96A /* AppDelegate.swift */,
				37FC62C321AF626C00D934F9 /* DatabaseHelper.swift */,
				37D43C642193DD3E0025E96A /* Main.storyboard */,
				37D43C672193DD3E0025E96A /* Assets.xcassets */,
				37D43C692193DD3E0025E96A /* LaunchScreen.storyboard */,
				37D43C6C2193DD3E0025E96A /* Info.plist */,
				37A4E8D5219CF7D400928718 /* GoogleService-Info.plist */,
			);
			path = "Grocery Rater";
			sourceTree = "<group>";
		};
		37D43C722193E19C0025E96A /* Controllers */ = {
			isa = PBXGroup;
			children = (
				37D43C732193E1B30025E96A /* LogInViewController.swift */,
				6D71FAE5219D1C9B0018985A /* FindViewController.swift */,
				37D43C752193E1BC0025E96A /* SignUpViewController.swift */,
				37D43C772193E1C50025E96A /* MainpageViewController.swift */,
				37EC5CE1219D138B0052972A /* RateController.swift */,
			);
			path = Controllers;
			sourceTree = "<group>";
		};
		37FC62C021AF486E00D934F9 /* Layouts */ = {
			isa = PBXGroup;
			children = (
				37FC62C121AF489000D934F9 /* CategoryLayout.swift */,
			);
			path = Layouts;
			sourceTree = "<group>";
		};
		6D71FAE2219D11B00018985A /* Prototypes */ = {
			isa = PBXGroup;
			children = (
				6D71FAE3219D11DA0018985A /* CategoryCell.swift */,
			);
			path = Prototypes;
			sourceTree = "<group>";
		};
		92EED8B91C147868852EB3EA /* Frameworks */ = {
			isa = PBXGroup;
			children = (
				DA78FEF19296C5CCB9C29F7A /* Pods_Grocery_Rater.framework */,
			);
			name = Frameworks;
			sourceTree = "<group>";
		};
/* End PBXGroup section */

/* Begin PBXNativeTarget section */
		37D43C5C2193DD3E0025E96A /* Grocery Rater */ = {
			isa = PBXNativeTarget;
			buildConfigurationList = 37D43C6F2193DD3E0025E96A /* Build configuration list for PBXNativeTarget "Grocery Rater" */;
			buildPhases = (
				4DE53585017D6D9490AEDC80 /* [CP] Check Pods Manifest.lock */,
				37D43C592193DD3E0025E96A /* Sources */,
				37D43C5A2193DD3E0025E96A /* Frameworks */,
				37D43C5B2193DD3E0025E96A /* Resources */,
				2B49A744757A3D0E6B413E8C /* [CP] Embed Pods Frameworks */,
			);
			buildRules = (
			);
			dependencies = (
			);
			name = "Grocery Rater";
			productName = "Grocery Rater";
			productReference = 37D43C5D2193DD3E0025E96A /* Grocery Rater.app */;
			productType = "com.apple.product-type.application";
		};
/* End PBXNativeTarget section */

/* Begin PBXProject section */
		37D43C552193DD3E0025E96A /* Project object */ = {
			isa = PBXProject;
			attributes = {
				LastSwiftUpdateCheck = 0920;
				LastUpgradeCheck = 0920;
				ORGANIZATIONNAME = cathris;
				TargetAttributes = {
					37D43C5C2193DD3E0025E96A = {
						CreatedOnToolsVersion = 9.2;
						ProvisioningStyle = Automatic;
					};
				};
			};
			buildConfigurationList = 37D43C582193DD3E0025E96A /* Build configuration list for PBXProject "Grocery Rater" */;
			compatibilityVersion = "Xcode 8.0";
			developmentRegion = en;
			hasScannedForEncodings = 0;
			knownRegions = (
				en,
				Base,
			);
			mainGroup = 37D43C542193DD3E0025E96A;
			productRefGroup = 37D43C5E2193DD3E0025E96A /* Products */;
			projectDirPath = "";
			projectRoot = "";
			targets = (
				37D43C5C2193DD3E0025E96A /* Grocery Rater */,
			);
		};
/* End PBXProject section */

/* Begin PBXResourcesBuildPhase section */
		37D43C5B2193DD3E0025E96A /* Resources */ = {
			isa = PBXResourcesBuildPhase;
			buildActionMask = 2147483647;
			files = (
				37D43C6B2193DD3E0025E96A /* LaunchScreen.storyboard in Resources */,
				37A4E8D6219CF7D400928718 /* GoogleService-Info.plist in Resources */,
				37D43C682193DD3E0025E96A /* Assets.xcassets in Resources */,
				37D43C662193DD3E0025E96A /* Main.storyboard in Resources */,
			);
			runOnlyForDeploymentPostprocessing = 0;
		};
/* End PBXResourcesBuildPhase section */

/* Begin PBXShellScriptBuildPhase section */
		2B49A744757A3D0E6B413E8C /* [CP] Embed Pods Frameworks */ = {
			isa = PBXShellScriptBuildPhase;
			buildActionMask = 2147483647;
			files = (
			);
			inputPaths = (
				"${SRCROOT}/Pods/Target Support Files/Pods-Grocery Rater/Pods-Grocery Rater-frameworks.sh",
				"${BUILT_PRODUCTS_DIR}/GTMSessionFetcher/GTMSessionFetcher.framework",
				"${BUILT_PRODUCTS_DIR}/GoogleUtilities/GoogleUtilities.framework",
				"${BUILT_PRODUCTS_DIR}/leveldb-library/leveldb.framework",
				"${BUILT_PRODUCTS_DIR}/nanopb/nanopb.framework",
			);
			name = "[CP] Embed Pods Frameworks";
			outputPaths = (
				"${TARGET_BUILD_DIR}/${FRAMEWORKS_FOLDER_PATH}/GTMSessionFetcher.framework",
				"${TARGET_BUILD_DIR}/${FRAMEWORKS_FOLDER_PATH}/GoogleUtilities.framework",
				"${TARGET_BUILD_DIR}/${FRAMEWORKS_FOLDER_PATH}/leveldb.framework",
				"${TARGET_BUILD_DIR}/${FRAMEWORKS_FOLDER_PATH}/nanopb.framework",
			);
			runOnlyForDeploymentPostprocessing = 0;
			shellPath = /bin/sh;
			shellScript = "\"${SRCROOT}/Pods/Target Support Files/Pods-Grocery Rater/Pods-Grocery Rater-frameworks.sh\"\n";
			showEnvVarsInLog = 0;
		};
		4DE53585017D6D9490AEDC80 /* [CP] Check Pods Manifest.lock */ = {
			isa = PBXShellScriptBuildPhase;
			buildActionMask = 2147483647;
			files = (
			);
			inputPaths = (
				"${PODS_PODFILE_DIR_PATH}/Podfile.lock",
				"${PODS_ROOT}/Manifest.lock",
			);
			name = "[CP] Check Pods Manifest.lock";
			outputPaths = (
				"$(DERIVED_FILE_DIR)/Pods-Grocery Rater-checkManifestLockResult.txt",
			);
			runOnlyForDeploymentPostprocessing = 0;
			shellPath = /bin/sh;
			shellScript = "diff \"${PODS_PODFILE_DIR_PATH}/Podfile.lock\" \"${PODS_ROOT}/Manifest.lock\" > /dev/null\nif [ $? != 0 ] ; then\n    # print error to STDERR\n    echo \"error: The sandbox is not in sync with the Podfile.lock. Run 'pod install' or update your CocoaPods installation.\" >&2\n    exit 1\nfi\n# This output is used by Xcode 'outputs' to avoid re-running this script phase.\necho \"SUCCESS\" > \"${SCRIPT_OUTPUT_FILE_0}\"\n";
			showEnvVarsInLog = 0;
		};
/* End PBXShellScriptBuildPhase section */

/* Begin PBXSourcesBuildPhase section */
		37D43C592193DD3E0025E96A /* Sources */ = {
			isa = PBXSourcesBuildPhase;
			buildActionMask = 2147483647;
			files = (
				37D43C742193E1B30025E96A /* LogInViewController.swift in Sources */,
				37FC62C421AF626C00D934F9 /* DatabaseHelper.swift in Sources */,
				37D43C782193E1C50025E96A /* MainpageViewController.swift in Sources */,
				37D43C762193E1BC0025E96A /* SignUpViewController.swift in Sources */,
				37FC62C221AF489000D934F9 /* CategoryLayout.swift in Sources */,
				37D43C612193DD3E0025E96A /* AppDelegate.swift in Sources */,
				37EC5CE2219D138B0052972A /* RateController.swift in Sources */,
				6D71FAE4219D11DA0018985A /* CategoryCell.swift in Sources */,
				6D71FAE6219D1C9B0018985A /* FindViewController.swift in Sources */,
			);
			runOnlyForDeploymentPostprocessing = 0;
		};
/* End PBXSourcesBuildPhase section */

/* Begin PBXVariantGroup section */
		37D43C642193DD3E0025E96A /* Main.storyboard */ = {
			isa = PBXVariantGroup;
			children = (
				37D43C652193DD3E0025E96A /* Base */,
			);
			name = Main.storyboard;
			sourceTree = "<group>";
		};
		37D43C692193DD3E0025E96A /* LaunchScreen.storyboard */ = {
			isa = PBXVariantGroup;
			children = (
				37D43C6A2193DD3E0025E96A /* Base */,
			);
			name = LaunchScreen.storyboard;
			sourceTree = "<group>";
		};
/* End PBXVariantGroup section */

/* Begin XCBuildConfiguration section */
		37D43C6D2193DD3E0025E96A /* Debug */ = {
			isa = XCBuildConfiguration;
			buildSettings = {
				ALWAYS_SEARCH_USER_PATHS = NO;
				CLANG_ANALYZER_NONNULL = YES;
				CLANG_ANALYZER_NUMBER_OBJECT_CONVERSION = YES_AGGRESSIVE;
				CLANG_CXX_LANGUAGE_STANDARD = "gnu++14";
				CLANG_CXX_LIBRARY = "libc++";
				CLANG_ENABLE_MODULES = YES;
				CLANG_ENABLE_OBJC_ARC = YES;
				CLANG_WARN_BLOCK_CAPTURE_AUTORELEASING = YES;
				CLANG_WARN_BOOL_CONVERSION = YES;
				CLANG_WARN_COMMA = YES;
				CLANG_WARN_CONSTANT_CONVERSION = YES;
				CLANG_WARN_DIRECT_OBJC_ISA_USAGE = YES_ERROR;
				CLANG_WARN_DOCUMENTATION_COMMENTS = YES;
				CLANG_WARN_EMPTY_BODY = YES;
				CLANG_WARN_ENUM_CONVERSION = YES;
				CLANG_WARN_INFINITE_RECURSION = YES;
				CLANG_WARN_INT_CONVERSION = YES;
				CLANG_WARN_NON_LITERAL_NULL_CONVERSION = YES;
				CLANG_WARN_OBJC_LITERAL_CONVERSION = YES;
				CLANG_WARN_OBJC_ROOT_CLASS = YES_ERROR;
				CLANG_WARN_RANGE_LOOP_ANALYSIS = YES;
				CLANG_WARN_STRICT_PROTOTYPES = YES;
				CLANG_WARN_SUSPICIOUS_MOVE = YES;
				CLANG_WARN_UNGUARDED_AVAILABILITY = YES_AGGRESSIVE;
				CLANG_WARN_UNREACHABLE_CODE = YES;
				CLANG_WARN__DUPLICATE_METHOD_MATCH = YES;
				CODE_SIGN_IDENTITY = "iPhone Developer";
				COPY_PHASE_STRIP = NO;
				DEBUG_INFORMATION_FORMAT = dwarf;
				ENABLE_STRICT_OBJC_MSGSEND = YES;
				ENABLE_TESTABILITY = YES;
				GCC_C_LANGUAGE_STANDARD = gnu11;
				GCC_DYNAMIC_NO_PIC = NO;
				GCC_NO_COMMON_BLOCKS = YES;
				GCC_OPTIMIZATION_LEVEL = 0;
				GCC_PREPROCESSOR_DEFINITIONS = (
					"DEBUG=1",
					"$(inherited)",
				);
				GCC_WARN_64_TO_32_BIT_CONVERSION = YES;
				GCC_WARN_ABOUT_RETURN_TYPE = YES_ERROR;
				GCC_WARN_UNDECLARED_SELECTOR = YES;
				GCC_WARN_UNINITIALIZED_AUTOS = YES_AGGRESSIVE;
				GCC_WARN_UNUSED_FUNCTION = YES;
				GCC_WARN_UNUSED_VARIABLE = YES;
				IPHONEOS_DEPLOYMENT_TARGET = 11.2;
				MTL_ENABLE_DEBUG_INFO = YES;
				ONLY_ACTIVE_ARCH = YES;
				SDKROOT = iphoneos;
				SWIFT_ACTIVE_COMPILATION_CONDITIONS = DEBUG;
				SWIFT_OPTIMIZATION_LEVEL = "-Onone";
			};
			name = Debug;
		};
		37D43C6E2193DD3E0025E96A /* Release */ = {
			isa = XCBuildConfiguration;
			buildSettings = {
				ALWAYS_SEARCH_USER_PATHS = NO;
				CLANG_ANALYZER_NONNULL = YES;
				CLANG_ANALYZER_NUMBER_OBJECT_CONVERSION = YES_AGGRESSIVE;
				CLANG_CXX_LANGUAGE_STANDARD = "gnu++14";
				CLANG_CXX_LIBRARY = "libc++";
				CLANG_ENABLE_MODULES = YES;
				CLANG_ENABLE_OBJC_ARC = YES;
				CLANG_WARN_BLOCK_CAPTURE_AUTORELEASING = YES;
				CLANG_WARN_BOOL_CONVERSION = YES;
				CLANG_WARN_COMMA = YES;
				CLANG_WARN_CONSTANT_CONVERSION = YES;
				CLANG_WARN_DIRECT_OBJC_ISA_USAGE = YES_ERROR;
				CLANG_WARN_DOCUMENTATION_COMMENTS = YES;
				CLANG_WARN_EMPTY_BODY = YES;
				CLANG_WARN_ENUM_CONVERSION = YES;
				CLANG_WARN_INFINITE_RECURSION = YES;
				CLANG_WARN_INT_CONVERSION = YES;
				CLANG_WARN_NON_LITERAL_NULL_CONVERSION = YES;
				CLANG_WARN_OBJC_LITERAL_CONVERSION = YES;
				CLANG_WARN_OBJC_ROOT_CLASS = YES_ERROR;
				CLANG_WARN_RANGE_LOOP_ANALYSIS = YES;
				CLANG_WARN_STRICT_PROTOTYPES = YES;
				CLANG_WARN_SUSPICIOUS_MOVE = YES;
				CLANG_WARN_UNGUARDED_AVAILABILITY = YES_AGGRESSIVE;
				CLANG_WARN_UNREACHABLE_CODE = YES;
				CLANG_WARN__DUPLICATE_METHOD_MATCH = YES;
				CODE_SIGN_IDENTITY = "iPhone Developer";
				COPY_PHASE_STRIP = NO;
				DEBUG_INFORMATION_FORMAT = "dwarf-with-dsym";
				ENABLE_NS_ASSERTIONS = NO;
				ENABLE_STRICT_OBJC_MSGSEND = YES;
				GCC_C_LANGUAGE_STANDARD = gnu11;
				GCC_NO_COMMON_BLOCKS = YES;
				GCC_WARN_64_TO_32_BIT_CONVERSION = YES;
				GCC_WARN_ABOUT_RETURN_TYPE = YES_ERROR;
				GCC_WARN_UNDECLARED_SELECTOR = YES;
				GCC_WARN_UNINITIALIZED_AUTOS = YES_AGGRESSIVE;
				GCC_WARN_UNUSED_FUNCTION = YES;
				GCC_WARN_UNUSED_VARIABLE = YES;
				IPHONEOS_DEPLOYMENT_TARGET = 11.2;
				MTL_ENABLE_DEBUG_INFO = NO;
				SDKROOT = iphoneos;
				SWIFT_OPTIMIZATION_LEVEL = "-Owholemodule";
				VALIDATE_PRODUCT = YES;
			};
			name = Release;
		};
		37D43C702193DD3E0025E96A /* Debug */ = {
			isa = XCBuildConfiguration;
			baseConfigurationReference = C83E175E925DF086BF9BC861 /* Pods-Grocery Rater.debug.xcconfig */;
			buildSettings = {
				ASSETCATALOG_COMPILER_APPICON_NAME = AppIcon;
				CODE_SIGN_STYLE = Automatic;
				INFOPLIST_FILE = "Grocery Rater/Info.plist";
				LD_RUNPATH_SEARCH_PATHS = "$(inherited) @executable_path/Frameworks";
				PRODUCT_BUNDLE_IDENTIFIER = "cathris.Grocery-Rater";
				PRODUCT_NAME = "$(TARGET_NAME)";
				SWIFT_VERSION = 4.0;
				TARGETED_DEVICE_FAMILY = "1,2";
			};
			name = Debug;
		};
		37D43C712193DD3E0025E96A /* Release */ = {
			isa = XCBuildConfiguration;
			baseConfigurationReference = C8C7EFF377BFFBD168E19950 /* Pods-Grocery Rater.release.xcconfig */;
			buildSettings = {
				ASSETCATALOG_COMPILER_APPICON_NAME = AppIcon;
				CODE_SIGN_STYLE = Automatic;
				INFOPLIST_FILE = "Grocery Rater/Info.plist";
				LD_RUNPATH_SEARCH_PATHS = "$(inherited) @executable_path/Frameworks";
				PRODUCT_BUNDLE_IDENTIFIER = "cathris.Grocery-Rater";
				PRODUCT_NAME = "$(TARGET_NAME)";
				SWIFT_VERSION = 4.0;
				TARGETED_DEVICE_FAMILY = "1,2";
			};
			name = Release;
		};
/* End XCBuildConfiguration section */

/* Begin XCConfigurationList section */
		37D43C582193DD3E0025E96A /* Build configuration list for PBXProject "Grocery Rater" */ = {
			isa = XCConfigurationList;
			buildConfigurations = (
				37D43C6D2193DD3E0025E96A /* Debug */,
				37D43C6E2193DD3E0025E96A /* Release */,
			);
			defaultConfigurationIsVisible = 0;
			defaultConfigurationName = Release;
		};
		37D43C6F2193DD3E0025E96A /* Build configuration list for PBXNativeTarget "Grocery Rater" */ = {
			isa = XCConfigurationList;
			buildConfigurations = (
				37D43C702193DD3E0025E96A /* Debug */,
				37D43C712193DD3E0025E96A /* Release */,
			);
			defaultConfigurationIsVisible = 0;
			defaultConfigurationName = Release;
		};
/* End XCConfigurationList section */
	};
	rootObject = 37D43C552193DD3E0025E96A /* Project object */;
}
